<?xml version="1.0" encoding="UTF-8"?>
<Scheme
   LastUpgradeVersion = "1500"
   version = "1.7">
   <BuildAction
      parallelizeBuildables = "YES"
      buildImplicitDependencies = "YES">
      <BuildActionEntries>
         <BuildActionEntry
            buildForTesting = "YES"
            buildForRunning = "YES"
            buildForProfiling = "YES"
            buildForArchiving = "YES"
            buildForAnalyzing = "YES">
            <BuildableReference
               BuildableIdentifier = "primary"
               BlueprintIdentifier = "C678CB5D21415F31006AA69F"
               BuildableName = "desktoppr"
               BlueprintName = "desktoppr"
               ReferencedContainer = "container:desktoppr.xcodeproj">
            </BuildableReference>
         </BuildActionEntry>
      </BuildActionEntries>
   </BuildAction>
   <TestAction
      buildConfiguration = "Debug"
      selectedDebuggerIdentifier = "Xcode.DebuggerFoundation.Debugger.LLDB"
      selectedLauncherIdentifier = "Xcode.DebuggerFoundation.Launcher.LLDB"
      shouldUseLaunchSchemeArgsEnv = "YES">
      <MacroExpansion>
         <BuildableReference
            BuildableIdentifier = "primary"
            BlueprintIdentifier = "C678CB5D21415F31006AA69F"
            BuildableName = "desktoppr"
            BlueprintName = "desktoppr"
            ReferencedContainer = "container:desktoppr.xcodeproj">
         </BuildableReference>
      </MacroExpansion>
      <Testables>
      </Testables>
   </TestAction>
   <LaunchAction
      buildConfiguration = "Debug"
      selectedDebuggerIdentifier = "Xcode.DebuggerFoundation.Debugger.LLDB"
      selectedLauncherIdentifier = "Xcode.DebuggerFoundation.Launcher.LLDB"
      launchStyle = "0"
      useCustomWorkingDirectory = "NO"
      ignoresPersistentStateOnLaunch = "NO"
      debugDocumentVersioning = "YES"
      debugServiceExtension = "internal"
      allowLocationSimulation = "YES">
      <BuildableProductRunnable
         runnableDebuggingMode = "0">
         <BuildableReference
            BuildableIdentifier = "primary"
            BlueprintIdentifier = "C678CB5D21415F31006AA69F"
            BuildableName = "desktoppr"
            BlueprintName = "desktoppr"
            ReferencedContainer = "container:desktoppr.xcodeproj">
         </BuildableReference>
      </BuildableProductRunnable>
      <CommandLineArguments>
         <CommandLineArgument
            argument = "scale"
            isEnabled = "NO">
         </CommandLineArgument>
         <CommandLineArgument
            argument = "https://github.com/scriptingosx/desktoppr/blob/main/examples/BoringBlueDesktop.png?raw=true"
            isEnabled = "NO">
         </CommandLineArgument>
         <CommandLineArgument
            argument = "https://basicappleguy.com/s/Aurora_Mac.heic"
            isEnabled = "YES">
         </CommandLineArgument>
         <CommandLineArgument
            argument = "defaults"
            isEnabled = "NO">
         </CommandLineArgument>
         <CommandLineArgument
            argument = "fill"
            isEnabled = "NO">
         </CommandLineArgument>
      </CommandLineArguments>
   </LaunchAction>
   <ProfileAction
      buildConfiguration = "Release"
      shouldUseLaunchSchemeArgsEnv = "YES"
      savedToolIdentifier = ""
      useCustomWorkingDirectory = "NO"
      debugDocumentVersioning = "YES">
      <BuildableProductRunnable
         runnableDebuggingMode = "0">
         <BuildableReference
            BuildableIdentifier = "primary"
            BlueprintIdentifier = "C678CB5D21415F31006AA69F"
            BuildableName = "desktoppr"
            BlueprintName = "desktoppr"
            ReferencedContainer = "container:desktoppr.xcodeproj">
         </BuildableReference>
      </BuildableProductRunnable>
   </ProfileAction>
   <AnalyzeAction
      buildConfiguration = "Debug">
   </AnalyzeAction>
   <ArchiveAction
      buildConfiguration = "Release"
      revealArchiveInOrganizer = "YES">
      <PostActions>
         <ExecutionAction
            ActionType = "Xcode.IDEStandardExecutionActionsCore.ExecutionActionType.ShellScriptAction">
            <ActionContent
               title = "Run Script"
               scriptText = "#exec &gt; $SRCROOT/notary.log 2&gt;&amp;1&#10;&#10;scriptPath=&quot;$SRCROOT/pkgAndNotarize.zsh&quot;&#10;&#10;echo &quot;Archive post-action: pkg and notarize&quot;&#10;if [ -x &quot;$scriptPath&quot; ]; then &#10;  &quot;$scriptPath&quot;&#10;else&#10;  echo &quot;could not run &apos;$scriptPath&apos;&quot;&#10;fi&#10;"
               shellToInvoke = "/bin/sh">
               <EnvironmentBuildable>
                  <BuildableReference
                     BuildableIdentifier = "primary"
                     BlueprintIdentifier = "C678CB5D21415F31006AA69F"
                     BuildableName = "desktoppr"
                     BlueprintName = "desktoppr"
                     ReferencedContainer = "container:desktoppr.xcodeproj">
                  </BuildableReference>
               </EnvironmentBuildable>
            </ActionContent>
         </ExecutionAction>
      </PostActions>
   </ArchiveAction>
</Scheme>
